// !$*UTF8*$!
{
	archiveVersion = 1;
	classes = {
	};
	objectVersion = 51;
	objects = {

/* Begin PBXBuildFile section */
		6D2EA431F8BECD1A035152E4 /* Pods_FlixApp_FlixAppUITests.framework in Frameworks */ = {isa = PBXBuildFile; fileRef = 15ED2310234DEC59977722B0 /* Pods_FlixApp_FlixAppUITests.framework */; };
		980FC1D224A5077C0074B3EA /* background.png in Resources */ = {isa = PBXBuildFile; fileRef = 980FC1D124A5077B0074B3EA /* background.png */; };
		980FC1D624A509040074B3EA /* background.jpeg in Resources */ = {isa = PBXBuildFile; fileRef = 980FC1D524A509040074B3EA /* background.jpeg */; };
		980FC1D924A50C7E0074B3EA /* TrailerViewController.m in Sources */ = {isa = PBXBuildFile; fileRef = 980FC1D824A50C7E0074B3EA /* TrailerViewController.m */; };
		980FC1DB24A50D7F0074B3EA /* WebKit.framework in Frameworks */ = {isa = PBXBuildFile; fileRef = 980FC1DA24A50D7F0074B3EA /* WebKit.framework */; };
		9853DFF524A405CC00AD420E /* MoviesGridViewController.m in Sources */ = {isa = PBXBuildFile; fileRef = 9853DFF424A405CC00AD420E /* MoviesGridViewController.m */; };
		9853DFF824A4079F00AD420E /* MovieCollectionCell.m in Sources */ = {isa = PBXBuildFile; fileRef = 9853DFF724A4079F00AD420E /* MovieCollectionCell.m */; };
		9853DFFB24A432A700AD420E /* DetailsGridViewController.m in Sources */ = {isa = PBXBuildFile; fileRef = 9853DFFA24A432A700AD420E /* DetailsGridViewController.m */; };
		9885865824A3B6C00017E17E /* AppDelegate.m in Sources */ = {isa = PBXBuildFile; fileRef = 9885865724A3B6C00017E17E /* AppDelegate.m */; };
		9885865B24A3B6C00017E17E /* SceneDelegate.m in Sources */ = {isa = PBXBuildFile; fileRef = 9885865A24A3B6C00017E17E /* SceneDelegate.m */; };
		9885866124A3B6C00017E17E /* Main.storyboard in Resources */ = {isa = PBXBuildFile; fileRef = 9885865F24A3B6C00017E17E /* Main.storyboard */; };
		9885866324A3B6C10017E17E /* Assets.xcassets in Resources */ = {isa = PBXBuildFile; fileRef = 9885866224A3B6C10017E17E /* Assets.xcassets */; };
		9885866624A3B6C10017E17E /* LaunchScreen.storyboard in Resources */ = {isa = PBXBuildFile; fileRef = 9885866424A3B6C10017E17E /* LaunchScreen.storyboard */; };
		9885866924A3B6C10017E17E /* main.m in Sources */ = {isa = PBXBuildFile; fileRef = 9885866824A3B6C10017E17E /* main.m */; };
		9885867324A3B6C10017E17E /* FlixAppTests.m in Sources */ = {isa = PBXBuildFile; fileRef = 9885867224A3B6C10017E17E /* FlixAppTests.m */; };
		9885867E24A3B6C10017E17E /* FlixAppUITests.m in Sources */ = {isa = PBXBuildFile; fileRef = 9885867D24A3B6C10017E17E /* FlixAppUITests.m */; };
		9885868D24A3BCD40017E17E /* MoviesViewController.m in Sources */ = {isa = PBXBuildFile; fileRef = 9885868C24A3BCD40017E17E /* MoviesViewController.m */; };
		9885869924A3CC200017E17E /* MovieCell.m in Sources */ = {isa = PBXBuildFile; fileRef = 9885869824A3CC200017E17E /* MovieCell.m */; };
		98C5588224A3E9EB00626A2E /* DetailsViewController.m in Sources */ = {isa = PBXBuildFile; fileRef = 98C5588124A3E9EB00626A2E /* DetailsViewController.m */; };
		98F18BC924A535390075A052 /* LargePosterViewController.m in Sources */ = {isa = PBXBuildFile; fileRef = 98F18BC824A535390075A052 /* LargePosterViewController.m */; };
		98F18BCC24A542F50075A052 /* SimilarMoviesViewController.m in Sources */ = {isa = PBXBuildFile; fileRef = 98F18BCB24A542F50075A052 /* SimilarMoviesViewController.m */; };
		98F18BCF24A544A50075A052 /* SimilarMovieCollectionCell.m in Sources */ = {isa = PBXBuildFile; fileRef = 98F18BCE24A544A50075A052 /* SimilarMovieCollectionCell.m */; };
		98F18BD124A5530F0075A052 /* star.png in Resources */ = {isa = PBXBuildFile; fileRef = 98F18BD024A5530F0075A052 /* star.png */; };
		98F18BD324A553900075A052 /* whitestar.png in Resources */ = {isa = PBXBuildFile; fileRef = 98F18BD224A553900075A052 /* whitestar.png */; };
		98F18BD624A5542F0075A052 /* ReviewsViewController.m in Sources */ = {isa = PBXBuildFile; fileRef = 98F18BD524A5542F0075A052 /* ReviewsViewController.m */; };
		9BE179FD4FA8788B9319B324 /* Pods_FlixApp.framework in Frameworks */ = {isa = PBXBuildFile; fileRef = 47F3BB9C1CB0FB8736170059 /* Pods_FlixApp.framework */; };
		ED89B5960994624CF798A8DD /* Pods_FlixAppTests.framework in Frameworks */ = {isa = PBXBuildFile; fileRef = A332F5CD51160779809F6E80 /* Pods_FlixAppTests.framework */; };
/* End PBXBuildFile section */

/* Begin PBXContainerItemProxy section */
		9885866F24A3B6C10017E17E /* PBXContainerItemProxy */ = {
			isa = PBXContainerItemProxy;
			containerPortal = 9885864B24A3B6C00017E17E /* Project object */;
			proxyType = 1;
			remoteGlobalIDString = 9885865224A3B6C00017E17E;
			remoteInfo = FlixApp;
		};
		9885867A24A3B6C10017E17E /* PBXContainerItemProxy */ = {
			isa = PBXContainerItemProxy;
			containerPortal = 9885864B24A3B6C00017E17E /* Project object */;
			proxyType = 1;
			remoteGlobalIDString = 9885865224A3B6C00017E17E;
			remoteInfo = FlixApp;
		};
/* End PBXContainerItemProxy section */

/* Begin PBXFileReference section */
		063992C4B6D447A2230D6ACC /* Pods-FlixApp-FlixAppUITests.debug.xcconfig */ = {isa = PBXFileReference; includeInIndex = 1; lastKnownFileType = text.xcconfig; name = "Pods-FlixApp-FlixAppUITests.debug.xcconfig"; path = "Target Support Files/Pods-FlixApp-FlixAppUITests/Pods-FlixApp-FlixAppUITests.debug.xcconfig"; sourceTree = "<group>"; };
		15ED2310234DEC59977722B0 /* Pods_FlixApp_FlixAppUITests.framework */ = {isa = PBXFileReference; explicitFileType = wrapper.framework; includeInIndex = 0; path = Pods_FlixApp_FlixAppUITests.framework; sourceTree = BUILT_PRODUCTS_DIR; };
		227E2F46F87B35D111670076 /* Pods-FlixAppTests.release.xcconfig */ = {isa = PBXFileReference; includeInIndex = 1; lastKnownFileType = text.xcconfig; name = "Pods-FlixAppTests.release.xcconfig"; path = "Target Support Files/Pods-FlixAppTests/Pods-FlixAppTests.release.xcconfig"; sourceTree = "<group>"; };
		47F3BB9C1CB0FB8736170059 /* Pods_FlixApp.framework */ = {isa = PBXFileReference; explicitFileType = wrapper.framework; includeInIndex = 0; path = Pods_FlixApp.framework; sourceTree = BUILT_PRODUCTS_DIR; };
		696FDD17D375BC9B3E3043DA /* Pods-FlixApp-FlixAppUITests.release.xcconfig */ = {isa = PBXFileReference; includeInIndex = 1; lastKnownFileType = text.xcconfig; name = "Pods-FlixApp-FlixAppUITests.release.xcconfig"; path = "Target Support Files/Pods-FlixApp-FlixAppUITests/Pods-FlixApp-FlixAppUITests.release.xcconfig"; sourceTree = "<group>"; };
		980FC1D124A5077B0074B3EA /* background.png */ = {isa = PBXFileReference; lastKnownFileType = image.png; name = background.png; path = Assets.xcassets/background.png; sourceTree = "<group>"; };
		980FC1D524A509040074B3EA /* background.jpeg */ = {isa = PBXFileReference; lastKnownFileType = image.jpeg; name = background.jpeg; path = Assets.xcassets/background.jpeg; sourceTree = "<group>"; };
		980FC1D724A50C7E0074B3EA /* TrailerViewController.h */ = {isa = PBXFileReference; lastKnownFileType = sourcecode.c.h; path = TrailerViewController.h; sourceTree = "<group>"; };
		980FC1D824A50C7E0074B3EA /* TrailerViewController.m */ = {isa = PBXFileReference; lastKnownFileType = sourcecode.c.objc; path = TrailerViewController.m; sourceTree = "<group>"; };
		980FC1DA24A50D7F0074B3EA /* WebKit.framework */ = {isa = PBXFileReference; lastKnownFileType = wrapper.framework; name = WebKit.framework; path = System/Library/Frameworks/WebKit.framework; sourceTree = SDKROOT; };
		9853DFF324A405CC00AD420E /* MoviesGridViewController.h */ = {isa = PBXFileReference; lastKnownFileType = sourcecode.c.h; path = MoviesGridViewController.h; sourceTree = "<group>"; };
		9853DFF424A405CC00AD420E /* MoviesGridViewController.m */ = {isa = PBXFileReference; lastKnownFileType = sourcecode.c.objc; path = MoviesGridViewController.m; sourceTree = "<group>"; };
		9853DFF624A4079F00AD420E /* MovieCollectionCell.h */ = {isa = PBXFileReference; lastKnownFileType = sourcecode.c.h; path = MovieCollectionCell.h; sourceTree = "<group>"; };
		9853DFF724A4079F00AD420E /* MovieCollectionCell.m */ = {isa = PBXFileReference; lastKnownFileType = sourcecode.c.objc; path = MovieCollectionCell.m; sourceTree = "<group>"; };
		9853DFF924A432A700AD420E /* DetailsGridViewController.h */ = {isa = PBXFileReference; lastKnownFileType = sourcecode.c.h; path = DetailsGridViewController.h; sourceTree = "<group>"; };
		9853DFFA24A432A700AD420E /* DetailsGridViewController.m */ = {isa = PBXFileReference; lastKnownFileType = sourcecode.c.objc; path = DetailsGridViewController.m; sourceTree = "<group>"; };
		9885865324A3B6C00017E17E /* FlixApp.app */ = {isa = PBXFileReference; explicitFileType = wrapper.application; includeInIndex = 0; path = FlixApp.app; sourceTree = BUILT_PRODUCTS_DIR; };
		9885865624A3B6C00017E17E /* AppDelegate.h */ = {isa = PBXFileReference; lastKnownFileType = sourcecode.c.h; path = AppDelegate.h; sourceTree = "<group>"; };
		9885865724A3B6C00017E17E /* AppDelegate.m */ = {isa = PBXFileReference; lastKnownFileType = sourcecode.c.objc; path = AppDelegate.m; sourceTree = "<group>"; };
		9885865924A3B6C00017E17E /* SceneDelegate.h */ = {isa = PBXFileReference; lastKnownFileType = sourcecode.c.h; path = SceneDelegate.h; sourceTree = "<group>"; };
		9885865A24A3B6C00017E17E /* SceneDelegate.m */ = {isa = PBXFileReference; lastKnownFileType = sourcecode.c.objc; path = SceneDelegate.m; sourceTree = "<group>"; };
		9885866024A3B6C00017E17E /* Base */ = {isa = PBXFileReference; lastKnownFileType = file.storyboard; name = Base; path = Base.lproj/Main.storyboard; sourceTree = "<group>"; };
		9885866224A3B6C10017E17E /* Assets.xcassets */ = {isa = PBXFileReference; lastKnownFileType = folder.assetcatalog; path = Assets.xcassets; sourceTree = "<group>"; };
		9885866524A3B6C10017E17E /* Base */ = {isa = PBXFileReference; lastKnownFileType = file.storyboard; name = Base; path = Base.lproj/LaunchScreen.storyboard; sourceTree = "<group>"; };
		9885866724A3B6C10017E17E /* Info.plist */ = {isa = PBXFileReference; lastKnownFileType = text.plist.xml; path = Info.plist; sourceTree = "<group>"; };
		9885866824A3B6C10017E17E /* main.m */ = {isa = PBXFileReference; lastKnownFileType = sourcecode.c.objc; path = main.m; sourceTree = "<group>"; };
		9885866E24A3B6C10017E17E /* FlixAppTests.xctest */ = {isa = PBXFileReference; explicitFileType = wrapper.cfbundle; includeInIndex = 0; path = FlixAppTests.xctest; sourceTree = BUILT_PRODUCTS_DIR; };
		9885867224A3B6C10017E17E /* FlixAppTests.m */ = {isa = PBXFileReference; lastKnownFileType = sourcecode.c.objc; path = FlixAppTests.m; sourceTree = "<group>"; };
		9885867424A3B6C10017E17E /* Info.plist */ = {isa = PBXFileReference; lastKnownFileType = text.plist.xml; path = Info.plist; sourceTree = "<group>"; };
		9885867924A3B6C10017E17E /* FlixAppUITests.xctest */ = {isa = PBXFileReference; explicitFileType = wrapper.cfbundle; includeInIndex = 0; path = FlixAppUITests.xctest; sourceTree = BUILT_PRODUCTS_DIR; };
		9885867D24A3B6C10017E17E /* FlixAppUITests.m */ = {isa = PBXFileReference; lastKnownFileType = sourcecode.c.objc; path = FlixAppUITests.m; sourceTree = "<group>"; };
		9885867F24A3B6C10017E17E /* Info.plist */ = {isa = PBXFileReference; lastKnownFileType = text.plist.xml; path = Info.plist; sourceTree = "<group>"; };
		9885868B24A3BCD40017E17E /* MoviesViewController.h */ = {isa = PBXFileReference; lastKnownFileType = sourcecode.c.h; path = MoviesViewController.h; sourceTree = "<group>"; };
		9885868C24A3BCD40017E17E /* MoviesViewController.m */ = {isa = PBXFileReference; lastKnownFileType = sourcecode.c.objc; path = MoviesViewController.m; sourceTree = "<group>"; };
		9885869724A3CC200017E17E /* MovieCell.h */ = {isa = PBXFileReference; lastKnownFileType = sourcecode.c.h; path = MovieCell.h; sourceTree = "<group>"; };
		9885869824A3CC200017E17E /* MovieCell.m */ = {isa = PBXFileReference; lastKnownFileType = sourcecode.c.objc; path = MovieCell.m; sourceTree = "<group>"; };
		98C5588024A3E9EB00626A2E /* DetailsViewController.h */ = {isa = PBXFileReference; lastKnownFileType = sourcecode.c.h; path = DetailsViewController.h; sourceTree = "<group>"; };
		98C5588124A3E9EB00626A2E /* DetailsViewController.m */ = {isa = PBXFileReference; lastKnownFileType = sourcecode.c.objc; path = DetailsViewController.m; sourceTree = "<group>"; };
		98F18BC724A535390075A052 /* LargePosterViewController.h */ = {isa = PBXFileReference; lastKnownFileType = sourcecode.c.h; path = LargePosterViewController.h; sourceTree = "<group>"; };
		98F18BC824A535390075A052 /* LargePosterViewController.m */ = {isa = PBXFileReference; lastKnownFileType = sourcecode.c.objc; path = LargePosterViewController.m; sourceTree = "<group>"; };
		98F18BCA24A542F50075A052 /* SimilarMoviesViewController.h */ = {isa = PBXFileReference; lastKnownFileType = sourcecode.c.h; path = SimilarMoviesViewController.h; sourceTree = "<group>"; };
		98F18BCB24A542F50075A052 /* SimilarMoviesViewController.m */ = {isa = PBXFileReference; lastKnownFileType = sourcecode.c.objc; path = SimilarMoviesViewController.m; sourceTree = "<group>"; };
		98F18BCD24A544A50075A052 /* SimilarMovieCollectionCell.h */ = {isa = PBXFileReference; lastKnownFileType = sourcecode.c.h; path = SimilarMovieCollectionCell.h; sourceTree = "<group>"; };
		98F18BCE24A544A50075A052 /* SimilarMovieCollectionCell.m */ = {isa = PBXFileReference; lastKnownFileType = sourcecode.c.objc; path = SimilarMovieCollectionCell.m; sourceTree = "<group>"; };
		98F18BD024A5530F0075A052 /* star.png */ = {isa = PBXFileReference; lastKnownFileType = image.png; name = star.png; path = ../../../Downloads/star.png; sourceTree = "<group>"; };
		98F18BD224A553900075A052 /* whitestar.png */ = {isa = PBXFileReference; lastKnownFileType = image.png; name = whitestar.png; path = ../../../Downloads/whitestar.png; sourceTree = "<group>"; };
		98F18BD424A5542F0075A052 /* ReviewsViewController.h */ = {isa = PBXFileReference; lastKnownFileType = sourcecode.c.h; path = ReviewsViewController.h; sourceTree = "<group>"; };
		98F18BD524A5542F0075A052 /* ReviewsViewController.m */ = {isa = PBXFileReference; lastKnownFileType = sourcecode.c.objc; path = ReviewsViewController.m; sourceTree = "<group>"; };
		A332F5CD51160779809F6E80 /* Pods_FlixAppTests.framework */ = {isa = PBXFileReference; explicitFileType = wrapper.framework; includeInIndex = 0; path = Pods_FlixAppTests.framework; sourceTree = BUILT_PRODUCTS_DIR; };
		BCE2992C26668A60A60E4BBD /* Pods-FlixAppTests.debug.xcconfig */ = {isa = PBXFileReference; includeInIndex = 1; lastKnownFileType = text.xcconfig; name = "Pods-FlixAppTests.debug.xcconfig"; path = "Target Support Files/Pods-FlixAppTests/Pods-FlixAppTests.debug.xcconfig"; sourceTree = "<group>"; };
		E1C30B862E44B58D7B915F01 /* Pods-FlixApp.debug.xcconfig */ = {isa = PBXFileReference; includeInIndex = 1; lastKnownFileType = text.xcconfig; name = "Pods-FlixApp.debug.xcconfig"; path = "Target Support Files/Pods-FlixApp/Pods-FlixApp.debug.xcconfig"; sourceTree = "<group>"; };
		FB91762D8BA972AE0F6D3CB9 /* Pods-FlixApp.release.xcconfig */ = {isa = PBXFileReference; includeInIndex = 1; lastKnownFileType = text.xcconfig; name = "Pods-FlixApp.release.xcconfig"; path = "Target Support Files/Pods-FlixApp/Pods-FlixApp.release.xcconfig"; sourceTree = "<group>"; };
/* End PBXFileReference section */

/* Begin PBXFrameworksBuildPhase section */
		9885865024A3B6C00017E17E /* Frameworks */ = {
			isa = PBXFrameworksBuildPhase;
			buildActionMask = 2147483647;
			files = (
				980FC1DB24A50D7F0074B3EA /* WebKit.framework in Frameworks */,
				9BE179FD4FA8788B9319B324 /* Pods_FlixApp.framework in Frameworks */,
			);
			runOnlyForDeploymentPostprocessing = 0;
		};
		9885866B24A3B6C10017E17E /* Frameworks */ = {
			isa = PBXFrameworksBuildPhase;
			buildActionMask = 2147483647;
			files = (
				ED89B5960994624CF798A8DD /* Pods_FlixAppTests.framework in Frameworks */,
			);
			runOnlyForDeploymentPostprocessing = 0;
		};
		9885867624A3B6C10017E17E /* Frameworks */ = {
			isa = PBXFrameworksBuildPhase;
			buildActionMask = 2147483647;
			files = (
				6D2EA431F8BECD1A035152E4 /* Pods_FlixApp_FlixAppUITests.framework in Frameworks */,
			);
			runOnlyForDeploymentPostprocessing = 0;
		};
/* End PBXFrameworksBuildPhase section */

/* Begin PBXGroup section */
		6582991C480A4AABC1F9B4EC /* Frameworks */ = {
			isa = PBXGroup;
			children = (
				980FC1DA24A50D7F0074B3EA /* WebKit.framework */,
				47F3BB9C1CB0FB8736170059 /* Pods_FlixApp.framework */,
				15ED2310234DEC59977722B0 /* Pods_FlixApp_FlixAppUITests.framework */,
				A332F5CD51160779809F6E80 /* Pods_FlixAppTests.framework */,
			);
			name = Frameworks;
			sourceTree = "<group>";
		};
		6A93A81FFD315D816595C904 /* Pods */ = {
			isa = PBXGroup;
			children = (
				E1C30B862E44B58D7B915F01 /* Pods-FlixApp.debug.xcconfig */,
				FB91762D8BA972AE0F6D3CB9 /* Pods-FlixApp.release.xcconfig */,
				063992C4B6D447A2230D6ACC /* Pods-FlixApp-FlixAppUITests.debug.xcconfig */,
				696FDD17D375BC9B3E3043DA /* Pods-FlixApp-FlixAppUITests.release.xcconfig */,
				BCE2992C26668A60A60E4BBD /* Pods-FlixAppTests.debug.xcconfig */,
				227E2F46F87B35D111670076 /* Pods-FlixAppTests.release.xcconfig */,
			);
			path = Pods;
			sourceTree = "<group>";
		};
		9885864A24A3B6C00017E17E = {
			isa = PBXGroup;
			children = (
				9885865524A3B6C00017E17E /* FlixApp */,
				9885867124A3B6C10017E17E /* FlixAppTests */,
				9885867C24A3B6C10017E17E /* FlixAppUITests */,
				9885865424A3B6C00017E17E /* Products */,
				6A93A81FFD315D816595C904 /* Pods */,
				6582991C480A4AABC1F9B4EC /* Frameworks */,
			);
			sourceTree = "<group>";
		};
		9885865424A3B6C00017E17E /* Products */ = {
			isa = PBXGroup;
			children = (
				9885865324A3B6C00017E17E /* FlixApp.app */,
				9885866E24A3B6C10017E17E /* FlixAppTests.xctest */,
				9885867924A3B6C10017E17E /* FlixAppUITests.xctest */,
			);
			name = Products;
			sourceTree = "<group>";
		};
		9885865524A3B6C00017E17E /* FlixApp */ = {
			isa = PBXGroup;
			children = (
				9885869024A3BDAC0017E17E /* Models */,
				9885868F24A3BD9F0017E17E /* View Controllers */,
				9885868E24A3BD970017E17E /* Views */,
				9885865624A3B6C00017E17E /* AppDelegate.h */,
				980FC1D524A509040074B3EA /* background.jpeg */,
				9885865724A3B6C00017E17E /* AppDelegate.m */,
				9885865924A3B6C00017E17E /* SceneDelegate.h */,
				9885865A24A3B6C00017E17E /* SceneDelegate.m */,
				9885865F24A3B6C00017E17E /* Main.storyboard */,
				98F18BD224A553900075A052 /* whitestar.png */,
				98F18BD024A5530F0075A052 /* star.png */,
				9885866224A3B6C10017E17E /* Assets.xcassets */,
				980FC1D124A5077B0074B3EA /* background.png */,
				9885866424A3B6C10017E17E /* LaunchScreen.storyboard */,
				9885866724A3B6C10017E17E /* Info.plist */,
				9885866824A3B6C10017E17E /* main.m */,
			);
			path = FlixApp;
			sourceTree = "<group>";
		};
		9885867124A3B6C10017E17E /* FlixAppTests */ = {
			isa = PBXGroup;
			children = (
				9885867224A3B6C10017E17E /* FlixAppTests.m */,
				9885867424A3B6C10017E17E /* Info.plist */,
			);
			path = FlixAppTests;
			sourceTree = "<group>";
		};
		9885867C24A3B6C10017E17E /* FlixAppUITests */ = {
			isa = PBXGroup;
			children = (
				9885867D24A3B6C10017E17E /* FlixAppUITests.m */,
				9885867F24A3B6C10017E17E /* Info.plist */,
			);
			path = FlixAppUITests;
			sourceTree = "<group>";
		};
		9885868E24A3BD970017E17E /* Views */ = {
			isa = PBXGroup;
			children = (
				9885869724A3CC200017E17E /* MovieCell.h */,
				9885869824A3CC200017E17E /* MovieCell.m */,
				9853DFF624A4079F00AD420E /* MovieCollectionCell.h */,
				9853DFF724A4079F00AD420E /* MovieCollectionCell.m */,
				98F18BCD24A544A50075A052 /* SimilarMovieCollectionCell.h */,
				98F18BCE24A544A50075A052 /* SimilarMovieCollectionCell.m */,
			);
			path = Views;
			sourceTree = "<group>";
		};
		9885868F24A3BD9F0017E17E /* View Controllers */ = {
			isa = PBXGroup;
			children = (
				9885868B24A3BCD40017E17E /* MoviesViewController.h */,
				9885868C24A3BCD40017E17E /* MoviesViewController.m */,
				98C5588024A3E9EB00626A2E /* DetailsViewController.h */,
				98C5588124A3E9EB00626A2E /* DetailsViewController.m */,
				9853DFF324A405CC00AD420E /* MoviesGridViewController.h */,
				9853DFF424A405CC00AD420E /* MoviesGridViewController.m */,
				9853DFF924A432A700AD420E /* DetailsGridViewController.h */,
				9853DFFA24A432A700AD420E /* DetailsGridViewController.m */,
				980FC1D724A50C7E0074B3EA /* TrailerViewController.h */,
				980FC1D824A50C7E0074B3EA /* TrailerViewController.m */,
				98F18BC724A535390075A052 /* LargePosterViewController.h */,
				98F18BC824A535390075A052 /* LargePosterViewController.m */,
				98F18BCA24A542F50075A052 /* SimilarMoviesViewController.h */,
				98F18BCB24A542F50075A052 /* SimilarMoviesViewController.m */,
				98F18BD424A5542F0075A052 /* ReviewsViewController.h */,
				98F18BD524A5542F0075A052 /* ReviewsViewController.m */,
			);
			path = "View Controllers";
			sourceTree = "<group>";
		};
		9885869024A3BDAC0017E17E /* Models */ = {
			isa = PBXGroup;
			children = (
			);
			path = Models;
			sourceTree = "<group>";
		};
/* End PBXGroup section */

/* Begin PBXNativeTarget section */
		9885865224A3B6C00017E17E /* FlixApp */ = {
			isa = PBXNativeTarget;
			buildConfigurationList = 9885868224A3B6C10017E17E /* Build configuration list for PBXNativeTarget "FlixApp" */;
			buildPhases = (
				16D9A4E37D6EB14F6CA0F470 /* [CP] Check Pods Manifest.lock */,
				9885864F24A3B6C00017E17E /* Sources */,
				9885865024A3B6C00017E17E /* Frameworks */,
				9885865124A3B6C00017E17E /* Resources */,
				30C13ECB597F4A3F0C1B500F /* [CP] Embed Pods Frameworks */,
			);
			buildRules = (
			);
			dependencies = (
			);
			name = FlixApp;
			productName = FlixApp;
			productReference = 9885865324A3B6C00017E17E /* FlixApp.app */;
			productType = "com.apple.product-type.application";
		};
		9885866D24A3B6C10017E17E /* FlixAppTests */ = {
			isa = PBXNativeTarget;
			buildConfigurationList = 9885868524A3B6C10017E17E /* Build configuration list for PBXNativeTarget "FlixAppTests" */;
			buildPhases = (
				1F66C549CEADC7D6C51946D1 /* [CP] Check Pods Manifest.lock */,
				9885866A24A3B6C10017E17E /* Sources */,
				9885866B24A3B6C10017E17E /* Frameworks */,
				9885866C24A3B6C10017E17E /* Resources */,
			);
			buildRules = (
			);
			dependencies = (
				9885867024A3B6C10017E17E /* PBXTargetDependency */,
			);
			name = FlixAppTests;
			productName = FlixAppTests;
			productReference = 9885866E24A3B6C10017E17E /* FlixAppTests.xctest */;
			productType = "com.apple.product-type.bundle.unit-test";
		};
		9885867824A3B6C10017E17E /* FlixAppUITests */ = {
			isa = PBXNativeTarget;
			buildConfigurationList = 9885868824A3B6C10017E17E /* Build configuration list for PBXNativeTarget "FlixAppUITests" */;
			buildPhases = (
				CBDBE088B781934FEEBAF548 /* [CP] Check Pods Manifest.lock */,
				9885867524A3B6C10017E17E /* Sources */,
				9885867624A3B6C10017E17E /* Frameworks */,
				9885867724A3B6C10017E17E /* Resources */,
				17B035E3B7608D088D66A447 /* [CP] Embed Pods Frameworks */,
			);
			buildRules = (
			);
			dependencies = (
				9885867B24A3B6C10017E17E /* PBXTargetDependency */,
			);
			name = FlixAppUITests;
			productName = FlixAppUITests;
			productReference = 9885867924A3B6C10017E17E /* FlixAppUITests.xctest */;
			productType = "com.apple.product-type.bundle.ui-testing";
		};
/* End PBXNativeTarget section */

/* Begin PBXProject section */
		9885864B24A3B6C00017E17E /* Project object */ = {
			isa = PBXProject;
			attributes = {
				LastUpgradeCheck = 1150;
				ORGANIZATIONNAME = "Xurxo Riesco";
				TargetAttributes = {
					9885865224A3B6C00017E17E = {
						CreatedOnToolsVersion = 11.5;
					};
					9885866D24A3B6C10017E17E = {
						CreatedOnToolsVersion = 11.5;
						TestTargetID = 9885865224A3B6C00017E17E;
					};
					9885867824A3B6C10017E17E = {
						CreatedOnToolsVersion = 11.5;
						TestTargetID = 9885865224A3B6C00017E17E;
					};
				};
			};
			buildConfigurationList = 9885864E24A3B6C00017E17E /* Build configuration list for PBXProject "FlixApp" */;
			compatibilityVersion = "Xcode 9.3";
			developmentRegion = en;
			hasScannedForEncodings = 0;
			knownRegions = (
				en,
				Base,
			);
			mainGroup = 9885864A24A3B6C00017E17E;
			productRefGroup = 9885865424A3B6C00017E17E /* Products */;
			projectDirPath = "";
			projectRoot = "";
			targets = (
				9885865224A3B6C00017E17E /* FlixApp */,
				9885866D24A3B6C10017E17E /* FlixAppTests */,
				9885867824A3B6C10017E17E /* FlixAppUITests */,
			);
		};
/* End PBXProject section */

/* Begin PBXResourcesBuildPhase section */
		9885865124A3B6C00017E17E /* Resources */ = {
			isa = PBXResourcesBuildPhase;
			buildActionMask = 2147483647;
			files = (
				980FC1D624A509040074B3EA /* background.jpeg in Resources */,
				9885866624A3B6C10017E17E /* LaunchScreen.storyboard in Resources */,
				980FC1D224A5077C0074B3EA /* background.png in Resources */,
				9885866324A3B6C10017E17E /* Assets.xcassets in Resources */,
				9885866124A3B6C00017E17E /* Main.storyboard in Resources */,
				98F18BD124A5530F0075A052 /* star.png in Resources */,
				98F18BD324A553900075A052 /* whitestar.png in Resources */,
			);
			runOnlyForDeploymentPostprocessing = 0;
		};
		9885866C24A3B6C10017E17E /* Resources */ = {
			isa = PBXResourcesBuildPhase;
			buildActionMask = 2147483647;
			files = (
			);
			runOnlyForDeploymentPostprocessing = 0;
		};
		9885867724A3B6C10017E17E /* Resources */ = {
			isa = PBXResourcesBuildPhase;
			buildActionMask = 2147483647;
			files = (
			);
			runOnlyForDeploymentPostprocessing = 0;
		};
/* End PBXResourcesBuildPhase section */

/* Begin PBXShellScriptBuildPhase section */
		16D9A4E37D6EB14F6CA0F470 /* [CP] Check Pods Manifest.lock */ = {
			isa = PBXShellScriptBuildPhase;
			buildActionMask = 2147483647;
			files = (
			);
			inputFileListPaths = (
			);
			inputPaths = (
				"${PODS_PODFILE_DIR_PATH}/Podfile.lock",
				"${PODS_ROOT}/Manifest.lock",
			);
			name = "[CP] Check Pods Manifest.lock";
			outputFileListPaths = (
			);
			outputPaths = (
				"$(DERIVED_FILE_DIR)/Pods-FlixApp-checkManifestLockResult.txt",
			);
			runOnlyForDeploymentPostprocessing = 0;
			shellPath = /bin/sh;
			shellScript = "diff \"${PODS_PODFILE_DIR_PATH}/Podfile.lock\" \"${PODS_ROOT}/Manifest.lock\" > /dev/null\nif [ $? != 0 ] ; then\n    # print error to STDERR\n    echo \"error: The sandbox is not in sync with the Podfile.lock. Run 'pod install' or update your CocoaPods installation.\" >&2\n    exit 1\nfi\n# This output is used by Xcode 'outputs' to avoid re-running this script phase.\necho \"SUCCESS\" > \"${SCRIPT_OUTPUT_FILE_0}\"\n";
			showEnvVarsInLog = 0;
		};
		17B035E3B7608D088D66A447 /* [CP] Embed Pods Frameworks */ = {
			isa = PBXShellScriptBuildPhase;
			buildActionMask = 2147483647;
			files = (
			);
			inputFileListPaths = (
				"${PODS_ROOT}/Target Support Files/Pods-FlixApp-FlixAppUITests/Pods-FlixApp-FlixAppUITests-frameworks-${CONFIGURATION}-input-files.xcfilelist",
			);
			name = "[CP] Embed Pods Frameworks";
			outputFileListPaths = (
				"${PODS_ROOT}/Target Support Files/Pods-FlixApp-FlixAppUITests/Pods-FlixApp-FlixAppUITests-frameworks-${CONFIGURATION}-output-files.xcfilelist",
			);
			runOnlyForDeploymentPostprocessing = 0;
			shellPath = /bin/sh;
			shellScript = "\"${PODS_ROOT}/Target Support Files/Pods-FlixApp-FlixAppUITests/Pods-FlixApp-FlixAppUITests-frameworks.sh\"\n";
			showEnvVarsInLog = 0;
		};
		1F66C549CEADC7D6C51946D1 /* [CP] Check Pods Manifest.lock */ = {
			isa = PBXShellScriptBuildPhase;
			buildActionMask = 2147483647;
			files = (
			);
			inputFileListPaths = (
			);
			inputPaths = (
				"${PODS_PODFILE_DIR_PATH}/Podfile.lock",
				"${PODS_ROOT}/Manifest.lock",
			);
			name = "[CP] Check Pods Manifest.lock";
			outputFileListPaths = (
			);
			outputPaths = (
				"$(DERIVED_FILE_DIR)/Pods-FlixAppTests-checkManifestLockResult.txt",
			);
			runOnlyForDeploymentPostprocessing = 0;
			shellPath = /bin/sh;
			shellScript = "diff \"${PODS_PODFILE_DIR_PATH}/Podfile.lock\" \"${PODS_ROOT}/Manifest.lock\" > /dev/null\nif [ $? != 0 ] ; then\n    # print error to STDERR\n    echo \"error: The sandbox is not in sync with the Podfile.lock. Run 'pod install' or update your CocoaPods installation.\" >&2\n    exit 1\nfi\n# This output is used by Xcode 'outputs' to avoid re-running this script phase.\necho \"SUCCESS\" > \"${SCRIPT_OUTPUT_FILE_0}\"\n";
			showEnvVarsInLog = 0;
		};
		30C13ECB597F4A3F0C1B500F /* [CP] Embed Pods Frameworks */ = {
			isa = PBXShellScriptBuildPhase;
			buildActionMask = 2147483647;
			files = (
			);
			inputFileListPaths = (
				"${PODS_ROOT}/Target Support Files/Pods-FlixApp/Pods-FlixApp-frameworks-${CONFIGURATION}-input-files.xcfilelist",
			);
			name = "[CP] Embed Pods Frameworks";
			outputFileListPaths = (
				"${PODS_ROOT}/Target Support Files/Pods-FlixApp/Pods-FlixApp-frameworks-${CONFIGURATION}-output-files.xcfilelist",
			);
			runOnlyForDeploymentPostprocessing = 0;
			shellPath = /bin/sh;
			shellScript = "\"${PODS_ROOT}/Target Support Files/Pods-FlixApp/Pods-FlixApp-frameworks.sh\"\n";
			showEnvVarsInLog = 0;
		};
		CBDBE088B781934FEEBAF548 /* [CP] Check Pods Manifest.lock */ = {
			isa = PBXShellScriptBuildPhase;
			buildActionMask = 2147483647;
			files = (
			);
			inputFileListPaths = (
			);
			inputPaths = (
				"${PODS_PODFILE_DIR_PATH}/Podfile.lock",
				"${PODS_ROOT}/Manifest.lock",
			);
			name = "[CP] Check Pods Manifest.lock";
			outputFileListPaths = (
			);
			outputPaths = (
				"$(DERIVED_FILE_DIR)/Pods-FlixApp-FlixAppUITests-checkManifestLockResult.txt",
			);
			runOnlyForDeploymentPostprocessing = 0;
			shellPath = /bin/sh;
			shellScript = "diff \"${PODS_PODFILE_DIR_PATH}/Podfile.lock\" \"${PODS_ROOT}/Manifest.lock\" > /dev/null\nif [ $? != 0 ] ; then\n    # print error to STDERR\n    echo \"error: The sandbox is not in sync with the Podfile.lock. Run 'pod install' or update your CocoaPods installation.\" >&2\n    exit 1\nfi\n# This output is used by Xcode 'outputs' to avoid re-running this script phase.\necho \"SUCCESS\" > \"${SCRIPT_OUTPUT_FILE_0}\"\n";
			showEnvVarsInLog = 0;
		};
/* End PBXShellScriptBuildPhase section */

/* Begin PBXSourcesBuildPhase section */
		9885864F24A3B6C00017E17E /* Sources */ = {
			isa = PBXSourcesBuildPhase;
			buildActionMask = 2147483647;
			files = (
				9885865824A3B6C00017E17E /* AppDelegate.m in Sources */,
				9853DFFB24A432A700AD420E /* DetailsGridViewController.m in Sources */,
				98F18BD624A5542F0075A052 /* ReviewsViewController.m in Sources */,
				980FC1D924A50C7E0074B3EA /* TrailerViewController.m in Sources */,
				98F18BC924A535390075A052 /* LargePosterViewController.m in Sources */,
				9885869924A3CC200017E17E /* MovieCell.m in Sources */,
				9885868D24A3BCD40017E17E /* MoviesViewController.m in Sources */,
				98C5588224A3E9EB00626A2E /* DetailsViewController.m in Sources */,
				98F18BCF24A544A50075A052 /* SimilarMovieCollectionCell.m in Sources */,
				98F18BCC24A542F50075A052 /* SimilarMoviesViewController.m in Sources */,
				9853DFF824A4079F00AD420E /* MovieCollectionCell.m in Sources */,
				9885866924A3B6C10017E17E /* main.m in Sources */,
				9885865B24A3B6C00017E17E /* SceneDelegate.m in Sources */,
				9853DFF524A405CC00AD420E /* MoviesGridViewController.m in Sources */,
			);
			runOnlyForDeploymentPostprocessing = 0;
		};
		9885866A24A3B6C10017E17E /* Sources */ = {
			isa = PBXSourcesBuildPhase;
			buildActionMask = 2147483647;
			files = (
				9885867324A3B6C10017E17E /* FlixAppTests.m in Sources */,
			);
			runOnlyForDeploymentPostprocessing = 0;
		};
		9885867524A3B6C10017E17E /* Sources */ = {
			isa = PBXSourcesBuildPhase;
			buildActionMask = 2147483647;
			files = (
				9885867E24A3B6C10017E17E /* FlixAppUITests.m in Sources */,
			);
			runOnlyForDeploymentPostprocessing = 0;
		};
/* End PBXSourcesBuildPhase section */

/* Begin PBXTargetDependency section */
		9885867024A3B6C10017E17E /* PBXTargetDependency */ = {
			isa = PBXTargetDependency;
			target = 9885865224A3B6C00017E17E /* FlixApp */;
			targetProxy = 9885866F24A3B6C10017E17E /* PBXContainerItemProxy */;
		};
		9885867B24A3B6C10017E17E /* PBXTargetDependency */ = {
			isa = PBXTargetDependency;
			target = 9885865224A3B6C00017E17E /* FlixApp */;
			targetProxy = 9885867A24A3B6C10017E17E /* PBXContainerItemProxy */;
		};
/* End PBXTargetDependency section */

/* Begin PBXVariantGroup section */
		9885865F24A3B6C00017E17E /* Main.storyboard */ = {
			isa = PBXVariantGroup;
			children = (
				9885866024A3B6C00017E17E /* Base */,
			);
			name = Main.storyboard;
			sourceTree = "<group>";
		};
		9885866424A3B6C10017E17E /* LaunchScreen.storyboard */ = {
			isa = PBXVariantGroup;
			children = (
				9885866524A3B6C10017E17E /* Base */,
			);
			name = LaunchScreen.storyboard;
			sourceTree = "<group>";
		};
/* End PBXVariantGroup section */

/* Begin XCBuildConfiguration section */
		9885868024A3B6C10017E17E /* Debug */ = {
			isa = XCBuildConfiguration;
			buildSettings = {
				ALWAYS_SEARCH_USER_PATHS = NO;
				CLANG_ANALYZER_NONNULL = YES;
				CLANG_ANALYZER_NUMBER_OBJECT_CONVERSION = YES_AGGRESSIVE;
				CLANG_CXX_LANGUAGE_STANDARD = "gnu++14";
				CLANG_CXX_LIBRARY = "libc++";
				CLANG_ENABLE_MODULES = YES;
				CLANG_ENABLE_OBJC_ARC = YES;
				CLANG_ENABLE_OBJC_WEAK = YES;
				CLANG_WARN_BLOCK_CAPTURE_AUTORELEASING = YES;
				CLANG_WARN_BOOL_CONVERSION = YES;
				CLANG_WARN_COMMA = YES;
				CLANG_WARN_CONSTANT_CONVERSION = YES;
				CLANG_WARN_DEPRECATED_OBJC_IMPLEMENTATIONS = YES;
				CLANG_WARN_DIRECT_OBJC_ISA_USAGE = YES_ERROR;
				CLANG_WARN_DOCUMENTATION_COMMENTS = YES;
				CLANG_WARN_EMPTY_BODY = YES;
				CLANG_WARN_ENUM_CONVERSION = YES;
				CLANG_WARN_INFINITE_RECURSION = YES;
				CLANG_WARN_INT_CONVERSION = YES;
				CLANG_WARN_NON_LITERAL_NULL_CONVERSION = YES;
				CLANG_WARN_OBJC_IMPLICIT_RETAIN_SELF = YES;
				CLANG_WARN_OBJC_LITERAL_CONVERSION = YES;
				CLANG_WARN_OBJC_ROOT_CLASS = YES_ERROR;
				CLANG_WARN_RANGE_LOOP_ANALYSIS = YES;
				CLANG_WARN_STRICT_PROTOTYPES = YES;
				CLANG_WARN_SUSPICIOUS_MOVE = YES;
				CLANG_WARN_UNGUARDED_AVAILABILITY = YES_AGGRESSIVE;
				CLANG_WARN_UNREACHABLE_CODE = YES;
				CLANG_WARN__DUPLICATE_METHOD_MATCH = YES;
				COPY_PHASE_STRIP = NO;
				DEBUG_INFORMATION_FORMAT = dwarf;
				ENABLE_STRICT_OBJC_MSGSEND = YES;
				ENABLE_TESTABILITY = YES;
				GCC_C_LANGUAGE_STANDARD = gnu11;
				GCC_DYNAMIC_NO_PIC = NO;
				GCC_NO_COMMON_BLOCKS = YES;
				GCC_OPTIMIZATION_LEVEL = 0;
				GCC_PREPROCESSOR_DEFINITIONS = (
					"DEBUG=1",
					"$(inherited)",
				);
				GCC_WARN_64_TO_32_BIT_CONVERSION = YES;
				GCC_WARN_ABOUT_RETURN_TYPE = YES_ERROR;
				GCC_WARN_UNDECLARED_SELECTOR = YES;
				GCC_WARN_UNINITIALIZED_AUTOS = YES_AGGRESSIVE;
				GCC_WARN_UNUSED_FUNCTION = YES;
				GCC_WARN_UNUSED_VARIABLE = YES;
				IPHONEOS_DEPLOYMENT_TARGET = 13.5;
				MTL_ENABLE_DEBUG_INFO = INCLUDE_SOURCE;
				MTL_FAST_MATH = YES;
				ONLY_ACTIVE_ARCH = YES;
				SDKROOT = iphoneos;
			};
			name = Debug;
		};
		9885868124A3B6C10017E17E /* Release */ = {
			isa = XCBuildConfiguration;
			buildSettings = {
				ALWAYS_SEARCH_USER_PATHS = NO;
				CLANG_ANALYZER_NONNULL = YES;
				CLANG_ANALYZER_NUMBER_OBJECT_CONVERSION = YES_AGGRESSIVE;
				CLANG_CXX_LANGUAGE_STANDARD = "gnu++14";
				CLANG_CXX_LIBRARY = "libc++";
				CLANG_ENABLE_MODULES = YES;
				CLANG_ENABLE_OBJC_ARC = YES;
				CLANG_ENABLE_OBJC_WEAK = YES;
				CLANG_WARN_BLOCK_CAPTURE_AUTORELEASING = YES;
				CLANG_WARN_BOOL_CONVERSION = YES;
				CLANG_WARN_COMMA = YES;
				CLANG_WARN_CONSTANT_CONVERSION = YES;
				CLANG_WARN_DEPRECATED_OBJC_IMPLEMENTATIONS = YES;
				CLANG_WARN_DIRECT_OBJC_ISA_USAGE = YES_ERROR;
				CLANG_WARN_DOCUMENTATION_COMMENTS = YES;
				CLANG_WARN_EMPTY_BODY = YES;
				CLANG_WARN_ENUM_CONVERSION = YES;
				CLANG_WARN_INFINITE_RECURSION = YES;
				CLANG_WARN_INT_CONVERSION = YES;
				CLANG_WARN_NON_LITERAL_NULL_CONVERSION = YES;
				CLANG_WARN_OBJC_IMPLICIT_RETAIN_SELF = YES;
				CLANG_WARN_OBJC_LITERAL_CONVERSION = YES;
				CLANG_WARN_OBJC_ROOT_CLASS = YES_ERROR;
				CLANG_WARN_RANGE_LOOP_ANALYSIS = YES;
				CLANG_WARN_STRICT_PROTOTYPES = YES;
				CLANG_WARN_SUSPICIOUS_MOVE = YES;
				CLANG_WARN_UNGUARDED_AVAILABILITY = YES_AGGRESSIVE;
				CLANG_WARN_UNREACHABLE_CODE = YES;
				CLANG_WARN__DUPLICATE_METHOD_MATCH = YES;
				COPY_PHASE_STRIP = NO;
				DEBUG_INFORMATION_FORMAT = "dwarf-with-dsym";
				ENABLE_NS_ASSERTIONS = NO;
				ENABLE_STRICT_OBJC_MSGSEND = YES;
				GCC_C_LANGUAGE_STANDARD = gnu11;
				GCC_NO_COMMON_BLOCKS = YES;
				GCC_WARN_64_TO_32_BIT_CONVERSION = YES;
				GCC_WARN_ABOUT_RETURN_TYPE = YES_ERROR;
				GCC_WARN_UNDECLARED_SELECTOR = YES;
				GCC_WARN_UNINITIALIZED_AUTOS = YES_AGGRESSIVE;
				GCC_WARN_UNUSED_FUNCTION = YES;
				GCC_WARN_UNUSED_VARIABLE = YES;
				IPHONEOS_DEPLOYMENT_TARGET = 13.5;
				MTL_ENABLE_DEBUG_INFO = NO;
				MTL_FAST_MATH = YES;
				SDKROOT = iphoneos;
				VALIDATE_PRODUCT = YES;
			};
			name = Release;
		};
		9885868324A3B6C10017E17E /* Debug */ = {
			isa = XCBuildConfiguration;
			baseConfigurationReference = E1C30B862E44B58D7B915F01 /* Pods-FlixApp.debug.xcconfig */;
			buildSettings = {
				ASSETCATALOG_COMPILER_APPICON_NAME = AppIcon;
				CODE_SIGN_STYLE = Automatic;
				DEVELOPMENT_TEAM = GZPQ9F2Y2V;
				INFOPLIST_FILE = FlixApp/Info.plist;
				LD_RUNPATH_SEARCH_PATHS = (
					"$(inherited)",
					"@executable_path/Frameworks",
				);
				PRODUCT_BUNDLE_IDENTIFIER = com.xurxor.Flix.FlixApp;
				PRODUCT_NAME = "$(TARGET_NAME)";
				TARGETED_DEVICE_FAMILY = "1,2";
			};
			name = Debug;
		};
		9885868424A3B6C10017E17E /* Release */ = {
			isa = XCBuildConfiguration;
			baseConfigurationReference = FB91762D8BA972AE0F6D3CB9 /* Pods-FlixApp.release.xcconfig */;
			buildSettings = {
				ASSETCATALOG_COMPILER_APPICON_NAME = AppIcon;
				CODE_SIGN_STYLE = Automatic;
				DEVELOPMENT_TEAM = GZPQ9F2Y2V;
				INFOPLIST_FILE = FlixApp/Info.plist;
				LD_RUNPATH_SEARCH_PATHS = (
					"$(inherited)",
					"@executable_path/Frameworks",
				);
				PRODUCT_BUNDLE_IDENTIFIER = com.xurxor.Flix.FlixApp;
				PRODUCT_NAME = "$(TARGET_NAME)";
				TARGETED_DEVICE_FAMILY = "1,2";
			};
			name = Release;
		};
		9885868624A3B6C10017E17E /* Debug */ = {
			isa = XCBuildConfiguration;
			baseConfigurationReference = BCE2992C26668A60A60E4BBD /* Pods-FlixAppTests.debug.xcconfig */;
			buildSettings = {
				BUNDLE_LOADER = "$(TEST_HOST)";
				CODE_SIGN_STYLE = Automatic;
				INFOPLIST_FILE = FlixAppTests/Info.plist;
				IPHONEOS_DEPLOYMENT_TARGET = 13.5;
				LD_RUNPATH_SEARCH_PATHS = (
					"$(inherited)",
					"@executable_path/Frameworks",
					"@loader_path/Frameworks",
				);
				PRODUCT_BUNDLE_IDENTIFIER = com.xurxor.Flix.FlixAppTests;
				PRODUCT_NAME = "$(TARGET_NAME)";
				TARGETED_DEVICE_FAMILY = "1,2";
				TEST_HOST = "$(BUILT_PRODUCTS_DIR)/FlixApp.app/FlixApp";
			};
			name = Debug;
		};
		9885868724A3B6C10017E17E /* Release */ = {
			isa = XCBuildConfiguration;
			baseConfigurationReference = 227E2F46F87B35D111670076 /* Pods-FlixAppTests.release.xcconfig */;
			buildSettings = {
				BUNDLE_LOADER = "$(TEST_HOST)";
				CODE_SIGN_STYLE = Automatic;
				INFOPLIST_FILE = FlixAppTests/Info.plist;
				IPHONEOS_DEPLOYMENT_TARGET = 13.5;
				LD_RUNPATH_SEARCH_PATHS = (
					"$(inherited)",
					"@executable_path/Frameworks",
					"@loader_path/Frameworks",
				);
				PRODUCT_BUNDLE_IDENTIFIER = com.xurxor.Flix.FlixAppTests;
				PRODUCT_NAME = "$(TARGET_NAME)";
				TARGETED_DEVICE_FAMILY = "1,2";
				TEST_HOST = "$(BUILT_PRODUCTS_DIR)/FlixApp.app/FlixApp";
			};
			name = Release;
		};
		9885868924A3B6C10017E17E /* Debug */ = {
			isa = XCBuildConfiguration;
			baseConfigurationReference = 063992C4B6D447A2230D6ACC /* Pods-FlixApp-FlixAppUITests.debug.xcconfig */;
			buildSettings = {
				CODE_SIGN_STYLE = Automatic;
				INFOPLIST_FILE = FlixAppUITests/Info.plist;
				LD_RUNPATH_SEARCH_PATHS = (
					"$(inherited)",
					"@executable_path/Frameworks",
					"@loader_path/Frameworks",
				);
				PRODUCT_BUNDLE_IDENTIFIER = com.xurxor.Flix.FlixAppUITests;
				PRODUCT_NAME = "$(TARGET_NAME)";
				TARGETED_DEVICE_FAMILY = "1,2";
				TEST_TARGET_NAME = FlixApp;
			};
			name = Debug;
		};
		9885868A24A3B6C10017E17E /* Release */ = {
			isa = XCBuildConfiguration;
			baseConfigurationReference = 696FDD17D375BC9B3E3043DA /* Pods-FlixApp-FlixAppUITests.release.xcconfig */;
			buildSettings = {
				CODE_SIGN_STYLE = Automatic;
				INFOPLIST_FILE = FlixAppUITests/Info.plist;
				LD_RUNPATH_SEARCH_PATHS = (
					"$(inherited)",
					"@executable_path/Frameworks",
					"@loader_path/Frameworks",
				);
				PRODUCT_BUNDLE_IDENTIFIER = com.xurxor.Flix.FlixAppUITests;
				PRODUCT_NAME = "$(TARGET_NAME)";
				TARGETED_DEVICE_FAMILY = "1,2";
				TEST_TARGET_NAME = FlixApp;
			};
			name = Release;
		};
/* End XCBuildConfiguration section */

/* Begin XCConfigurationList section */
		9885864E24A3B6C00017E17E /* Build configuration list for PBXProject "FlixApp" */ = {
			isa = XCConfigurationList;
			buildConfigurations = (
				9885868024A3B6C10017E17E /* Debug */,
				9885868124A3B6C10017E17E /* Release */,
			);
			defaultConfigurationIsVisible = 0;
			defaultConfigurationName = Release;
		};
		9885868224A3B6C10017E17E /* Build configuration list for PBXNativeTarget "FlixApp" */ = {
			isa = XCConfigurationList;
			buildConfigurations = (
				9885868324A3B6C10017E17E /* Debug */,
				9885868424A3B6C10017E17E /* Release */,
			);
			defaultConfigurationIsVisible = 0;
			defaultConfigurationName = Release;
		};
		9885868524A3B6C10017E17E /* Build configuration list for PBXNativeTarget "FlixAppTests" */ = {
			isa = XCConfigurationList;
			buildConfigurations = (
				9885868624A3B6C10017E17E /* Debug */,
				9885868724A3B6C10017E17E /* Release */,
			);
			defaultConfigurationIsVisible = 0;
			defaultConfigurationName = Release;
		};
		9885868824A3B6C10017E17E /* Build configuration list for PBXNativeTarget "FlixAppUITests" */ = {
			isa = XCConfigurationList;
			buildConfigurations = (
				9885868924A3B6C10017E17E /* Debug */,
				9885868A24A3B6C10017E17E /* Release */,
			);
			defaultConfigurationIsVisible = 0;
			defaultConfigurationName = Release;
		};
/* End XCConfigurationList section */
	};
	rootObject = 9885864B24A3B6C00017E17E /* Project object */;
}
